# This file was autogenerated by Stack.
# You should not edit this file by hand.
# For more information, please see the documentation at:
#   https://docs.haskellstack.org/en/stable/lock_files

packages:
- completed:
    hackage: direct-sqlite-2.3.26@sha256:04e835402f1508abca383182023e4e2b9b86297b8533afbd4e57d1a5652e0c23,3718
    pantry-tree:
      size: 770
      sha256: 11874ab21e10c5b54cd1e02a037b677dc1e2ee9986f38c599612c56654dc01c3
  original:
    hackage: direct-sqlite-2.3.26@sha256:04e835402f1508abca383182023e4e2b9b86297b8533afbd4e57d1a5652e0c23,3718
- completed:
    hackage: hex-text-0.1.0.2@sha256:154df2b81c1dd38b055fa6a90cb6964f60c5cf4a0ba633ea929d8a79af89519a,1301
    pantry-tree:
      size: 368
      sha256: 9271e478d8bdd05760ae5ed86f72f28065e3a942019c79b5a69dc604a4b0e1a8
  original:
    hackage: hex-text-0.1.0.2@sha256:154df2b81c1dd38b055fa6a90cb6964f60c5cf4a0ba633ea929d8a79af89519a,1301
- completed:
    hackage: base16-bytestring-1.0.1.0@sha256:33b9d57afa334d06485033e930c6b13fc760baf88fd8f715ae2f9a4b46e19a54,2641
    pantry-tree:
      size: 595
      sha256: 24661ef9b1089d468227300f8ceb89194b5cce68b9f6ed8109b01f63c07f54e3
  original:
    hackage: base16-bytestring-1.0.1.0@sha256:33b9d57afa334d06485033e930c6b13fc760baf88fd8f715ae2f9a4b46e19a54,2641
- completed:
    hackage: esqueleto-3.4.0.1@sha256:85077c6b11e06e0ac4a5cb07fb6b71448dcd2dc1e9831ea8115cb9090c342500,5869
    pantry-tree:
      size: 1542
      sha256: 2cd6bd749fa1c1f9aa9730010a9bd516f4f4edaf9e9c1b3d39b1ad4e163b7ca7
  original:
    hackage: esqueleto-3.4.0.1@sha256:85077c6b11e06e0ac4a5cb07fb6b71448dcd2dc1e9831ea8115cb9090c342500,5869
snapshots:
- completed:
    size: 532386
    url: https://raw.githubusercontent.com/commercialhaskell/stackage-snapshots/master/lts/16/17.yaml
    sha256: d3ee1ae797cf63189c95cf27f00700304946c5cb3c1e6a82001cd6584a221e1b
  original: lts-16.17
